
Microsoft Visual Studio Solution File, Format Version 12.00
# Visual Studio Version 17
VisualStudioVersion = 17.9.34607.119
MinimumVisualStudioVersion = 10.0.40219.1
Project("{9A19103F-16F7-4668-BE54-9A1E7A4F7556}") = "WebApplication2", "WebApplication2\WebApplication2.csproj", "{FA4D0E4C-E990-4C5E-B84C-960D2F026E91}"
EndProject
Project("{FAE04EC0-301F-11D3-BF4B-00C04F79EFBC}") = "WebApplication2WebApi", "WebApplication2WebApi\WebApplication2WebApi.csproj", "{3AA7FCC3-8882-483A-8FDE-0EE112A6145A}"
EndProject
Global
	GlobalSection(SolutionConfigurationPlatforms) = preSolution
		Debug|Any CPU = Debug|Any CPU
		Release|Any CPU = Release|Any CPU
	EndGlobalSection
	GlobalSection(ProjectConfigurationPlatforms) = postSolution
		{FA4D0E4C-E990-4C5E-B84C-960D2F026E91}.Debug|Any CPU.ActiveCfg = Debug|Any CPU
		{FA4D0E4C-E990-4C5E-B84C-960D2F026E91}.Debug|Any CPU.Build.0 = Debug|Any CPU
		{FA4D0E4C-E990-4C5E-B84C-960D2F026E91}.Release|Any CPU.ActiveCfg = Release|Any CPU
		{FA4D0E4C-E990-4C5E-B84C-960D2F026E91}.Release|Any CPU.Build.0 = Release|Any CPU
		{3AA7FCC3-8882-483A-8FDE-0EE112A6145A}.Debug|Any CPU.ActiveCfg = Debug|Any CPU
		{3AA7FCC3-8882-483A-8FDE-0EE112A6145A}.Debug|Any CPU.Build.0 = Debug|Any CPU
		{3AA7FCC3-8882-483A-8FDE-0EE112A6145A}.Release|Any CPU.ActiveCfg = Release|Any CPU
		{3AA7FCC3-8882-483A-8FDE-0EE112A6145A}.Release|Any CPU.Build.0 = Release|Any CPU
	EndGlobalSection
	GlobalSection(SolutionProperties) = preSolution
		HideSolutionNode = FALSE
	EndGlobalSection
	GlobalSection(ExtensibilityGlobals) = postSolution
		SolutionGuid = {DB6FA2C3-978B-4152-B1DA-D1087CCC12F0}
	EndGlobalSection
EndGlobal
